
Microsoft Visual Studio Solution File, Format Version 12.00
# Visual Studio Version 17
VisualStudioVersion = 17.0.31903.59
MinimumVisualStudioVersion = 10.0.40219.1
Project("{FAE04EC0-301F-11D3-BF4B-00C04F79EFBC}") = "Core", "Core\Core.csproj", "{A0B84682-9E89-4BA6-B694-61CF459E77BF}"
EndProject
Project("{FAE04EC0-301F-11D3-BF4B-00C04F79EFBC}") = "Infrastructure", "Infrastructure\Infrastructure.csproj", "{0DA221DA-36EB-45FD-B81A-4C7B62DA2528}"
EndProject
Project("{FAE04EC0-301F-11D3-BF4B-00C04F79EFBC}") = "Presentation", "Presentation\Presentation.csproj", "{A1EA98A1-84F1-4AC0-89ED-CDDBD8B54572}"
EndProject
Project("{2150E333-8FDC-42A3-9474-1A3956D46DE8}") = "Tests", "Tests", "{B35CB55A-E905-42AC-8E95-5ABB44892F74}"
EndProject
Project("{2150E333-8FDC-42A3-9474-1A3956D46DE8}") = "UnitTests", "UnitTests", "{2FBBBD8A-EB86-4E48-A96A-098AA7A44367}"
EndProject
Project("{FAE04EC0-301F-11D3-BF4B-00C04F79EFBC}") = "InfrastructureTests", "Tests\UnitTests\InfrastructureTests\InfrastructureTests.csproj", "{8D9C00F3-D249-465E-A85B-E44B7DE5FE24}"
EndProject
Project("{FAE04EC0-301F-11D3-BF4B-00C04F79EFBC}") = "PresentationTests", "Tests\UnitTests\PresentationTests\PresentationTests.csproj", "{8AD51B11-F687-4A5D-B18F-358F48913687}"
EndProject
Project("{FAE04EC0-301F-11D3-BF4B-00C04F79EFBC}") = "IntergrationTests", "Tests\IntergrationTests\IntergrationTests.csproj", "{A11A4C88-BD50-4617-8A52-B513B730BA53}"
EndProject
Global
	GlobalSection(SolutionConfigurationPlatforms) = preSolution
		Debug|Any CPU = Debug|Any CPU
		Release|Any CPU = Release|Any CPU
	EndGlobalSection
	GlobalSection(SolutionProperties) = preSolution
		HideSolutionNode = FALSE
	EndGlobalSection
	GlobalSection(ProjectConfigurationPlatforms) = postSolution
		{A0B84682-9E89-4BA6-B694-61CF459E77BF}.Debug|Any CPU.ActiveCfg = Debug|Any CPU
		{A0B84682-9E89-4BA6-B694-61CF459E77BF}.Debug|Any CPU.Build.0 = Debug|Any CPU
		{A0B84682-9E89-4BA6-B694-61CF459E77BF}.Release|Any CPU.ActiveCfg = Release|Any CPU
		{A0B84682-9E89-4BA6-B694-61CF459E77BF}.Release|Any CPU.Build.0 = Release|Any CPU
		{0DA221DA-36EB-45FD-B81A-4C7B62DA2528}.Debug|Any CPU.ActiveCfg = Debug|Any CPU
		{0DA221DA-36EB-45FD-B81A-4C7B62DA2528}.Debug|Any CPU.Build.0 = Debug|Any CPU
		{0DA221DA-36EB-45FD-B81A-4C7B62DA2528}.Release|Any CPU.ActiveCfg = Release|Any CPU
		{0DA221DA-36EB-45FD-B81A-4C7B62DA2528}.Release|Any CPU.Build.0 = Release|Any CPU
		{A1EA98A1-84F1-4AC0-89ED-CDDBD8B54572}.Debug|Any CPU.ActiveCfg = Debug|Any CPU
		{A1EA98A1-84F1-4AC0-89ED-CDDBD8B54572}.Debug|Any CPU.Build.0 = Debug|Any CPU
		{A1EA98A1-84F1-4AC0-89ED-CDDBD8B54572}.Release|Any CPU.ActiveCfg = Release|Any CPU
		{A1EA98A1-84F1-4AC0-89ED-CDDBD8B54572}.Release|Any CPU.Build.0 = Release|Any CPU
		{8D9C00F3-D249-465E-A85B-E44B7DE5FE24}.Debug|Any CPU.ActiveCfg = Debug|Any CPU
		{8D9C00F3-D249-465E-A85B-E44B7DE5FE24}.Debug|Any CPU.Build.0 = Debug|Any CPU
		{8D9C00F3-D249-465E-A85B-E44B7DE5FE24}.Release|Any CPU.ActiveCfg = Release|Any CPU
		{8D9C00F3-D249-465E-A85B-E44B7DE5FE24}.Release|Any CPU.Build.0 = Release|Any CPU
		{8AD51B11-F687-4A5D-B18F-358F48913687}.Debug|Any CPU.ActiveCfg = Debug|Any CPU
		{8AD51B11-F687-4A5D-B18F-358F48913687}.Debug|Any CPU.Build.0 = Debug|Any CPU
		{8AD51B11-F687-4A5D-B18F-358F48913687}.Release|Any CPU.ActiveCfg = Release|Any CPU
		{8AD51B11-F687-4A5D-B18F-358F48913687}.Release|Any CPU.Build.0 = Release|Any CPU
		{A11A4C88-BD50-4617-8A52-B513B730BA53}.Debug|Any CPU.ActiveCfg = Debug|Any CPU
		{A11A4C88-BD50-4617-8A52-B513B730BA53}.Debug|Any CPU.Build.0 = Debug|Any CPU
		{A11A4C88-BD50-4617-8A52-B513B730BA53}.Release|Any CPU.ActiveCfg = Release|Any CPU
		{A11A4C88-BD50-4617-8A52-B513B730BA53}.Release|Any CPU.Build.0 = Release|Any CPU
	EndGlobalSection
	GlobalSection(NestedProjects) = preSolution
		{2FBBBD8A-EB86-4E48-A96A-098AA7A44367} = {B35CB55A-E905-42AC-8E95-5ABB44892F74}
		{8D9C00F3-D249-465E-A85B-E44B7DE5FE24} = {2FBBBD8A-EB86-4E48-A96A-098AA7A44367}
		{8AD51B11-F687-4A5D-B18F-358F48913687} = {2FBBBD8A-EB86-4E48-A96A-098AA7A44367}
		{A11A4C88-BD50-4617-8A52-B513B730BA53} = {B35CB55A-E905-42AC-8E95-5ABB44892F74}
	EndGlobalSection
EndGlobal
